{
    "_meta": {
        "hash": {
            "sha256": "db5c4c53c447ddb75ed7b21df754d7c0172a419dbd9e5fbe22cce256a6318e31"
        },
        "pipfile-spec": 6,
        "requires": {
            "python_version": "3.8"
        },
        "sources": [
            {
                "name": "pypi",
                "url": "https://pypi.org/simple",
                "verify_ssl": true
            }
        ]
    },
    "default": {
        "avro-python3": {
            "hashes": [
                "sha256:a455c215540b1fceb1823e2a918e94959b54cb363307c97869aa46b5b55bde05"
            ],
            "markers": "python_version >= '3.5'",
            "version": "==1.10.0"
        },
        "certifi": {
            "hashes": [
                "sha256:78884e7c1d4b00ce3cea67b44566851c4343c120abd683433ce934a68ea58872",
                "sha256:d62a0163eb4c2344ac042ab2bdf75399a71a2d8c7d47eac2e2ee91b9d6339569"
            ],
            "version": "==2021.10.8"
        },
        "chardet": {
            "hashes": [
                "sha256:84ab92ed1c4d4f16916e05906b6b75a6c0fb5db821cc65e70cbd64a3e2a5eaae",
                "sha256:fc323ffcaeaed0e0a02bf4d117757b98aed530d9ed4531e3e15460124c106691"
            ],
            "version": "==3.0.4"
        },
        "confluent-kafka": {
            "extras": [
                "avro"
            ],
            "hashes": [
                "sha256:02b78bb6d1199ea350240eae1f4415f22014896199a46edf85f779a69751f984",
                "sha256:039c68379f9a5ece6e45a683ec7abebb95a9dac904ec4e2f9d93738e1cf6fab2",
                "sha256:1df83fa20e4fe032651ad73ce0ba85dd14a7fabff6066c9cb20e944d2748e72b",
                "sha256:3d66e8c1a6a15144ca5b176170adbf30207c27813c76202c56abf52ef2b475e1",
                "sha256:4f26052ef53212752039cd1d9e932b2feb6a0975d717ab070af323629a72a0b9",
                "sha256:585bc8e8aa7d6fbd46dc0b2da3d4b1fd8457555288fee1ecba6af2c97ab738cc",
                "sha256:748813f47641dd65dd8d3bae8dcb3ce96a3e455c12b467d4b35e1fc880362d01",
                "sha256:ac7155e1b9a94445ed8eecf691c80c61407148813808a2aa1cba0babbe197e77",
                "sha256:add05db627435697d4ed8f81b3ce1081931770813a989fd775910865f07d694d",
                "sha256:ae75d3f4bc3d2109663912d77911c45aaa2939bde3694fc05e75842c806fa760",
                "sha256:b679c3f9f555e87a9cbb043c676473c30d12182609e075be85afd98f84bcc863",
                "sha256:b79e836c3554bc51c6837a8a0152f7521c9bf31342f5b8e21eba6b28044fa585",
                "sha256:b7cb6fa3d44972e3670e0b3b054186a6006e6fd664600cfe70e008fad2443d16",
                "sha256:d50b091770d277714766943d885ad6b2c5c427e67328706cfd33dc86eef540c9",
                "sha256:e49382a943fb47813f421e913cc6c87cd1d4bfdecad1785efa0dacada7003d84",
                "sha256:ead7f18c516f7bcb886b643fa78ff2a2142270adaf931ba0311b62e9a047e6ca",
                "sha256:f843680e183479f6e0732b593ea3235c836a5bb2de6be3819a11b891b6af1dde"
            ],
            "index": "pypi",
            "version": "==1.8.2"
        },
        "fastavro": {
            "hashes": [
                "sha256:0934490b0c3bcfd6bcbacbcb5144c6b5e4298cda209fbb17c856adf5405127dd",
                "sha256:09f1dfdd8192ae09e0f477d1f024d8054fccdb099ad495d2a796bcee3cadebd1",
                "sha256:0c6695753fa3035bbd0fa5cb21bf1b5dad39483c669b32ca0bb55fb07c1ccc87",
                "sha256:10eb25378f37dc00c10e83c4c0442c1a6d1b871f74a6dfdfc12b6447962bbdd0",
                "sha256:24c4a1a8cc92e135ecfcd9cbd1f6cfa088cbc74d78c18e02a609cb11fa33778d",
                "sha256:35f960dbba04647d8d6d5616f879622d2a1e8a84eb2d2e02a883a22e0803463a",
                "sha256:64244c53f1e4853184c2f7383d0332e1dcb34c38c05e6613530ade0378e8acfc",
                "sha256:64cbd386e408b3bcb2de53b1f847163073eb0d0d0338db65f76051c6ba9a9bc1",
                "sha256:9660878ca01e3dbbee12385c5902a2b6b12ecbb5af4733d1026175a14b1ef67f",
                "sha256:995525bdfbdfef205ea148b5bc6a9fe5ccf921931123c39d9aad75a2b661681e",
                "sha256:a23763d73412c077aee401a0368c64cbc23859e26711dbae78a3cf0227f65165",
                "sha256:a24f9dd803c44bfb599476b000f9bd0088f7ac2401e6c20818f38d8af12785a0",
                "sha256:b7669302c9124b7cd6c1bdff80c77116b2290c984814077fb7d01d7389586054",
                "sha256:c60965da6dc7a91e00ccd84d84797fad746555f44e8a816c4cc460fb231c44fe",
                "sha256:d5719adf6045fc743de5fa738d561a81e58dc782c94f1b16cb21b5dd6253e7fd",
                "sha256:f225c81e869b3cefef6f2b478cd452693181ed7e645be3cea4d82024354ecaa0"
            ],
            "markers": "python_version >= '3.7'",
            "version": "==1.4.10"
        },
        "idna": {
            "hashes": [
                "sha256:c357b3f628cf53ae2c4c05627ecc484553142ca23264e593d327bcde5e9c3407",
                "sha256:ea8b7f6188e6fa117537c3df7da9fc686d485087abf6ac197f9c46432f7e4a3c"
            ],
            "version": "==2.8"
        },
        "numpy": {
            "hashes": [
                "sha256:07a8c89a04997625236c5ecb7afe35a02af3896c8aa01890a849913a2309c676",
                "sha256:08d9b008d0156c70dc392bb3ab3abb6e7a711383c3247b410b39962263576cd4",
                "sha256:201b4d0552831f7250a08d3b38de0d989d6f6e4658b709a02a73c524ccc6ffce",
                "sha256:2c10a93606e0b4b95c9b04b77dc349b398fdfbda382d2a39ba5a822f669a0123",
                "sha256:3ca688e1b9b95d80250bca34b11a05e389b1420d00e87a0d12dc45f131f704a1",
                "sha256:48a3aecd3b997bf452a2dedb11f4e79bc5bfd21a1d4cc760e703c31d57c84b3e",
                "sha256:568dfd16224abddafb1cbcce2ff14f522abe037268514dd7e42c6776a1c3f8e5",
                "sha256:5bfb1bb598e8229c2d5d48db1860bcf4311337864ea3efdbe1171fb0c5da515d",
                "sha256:639b54cdf6aa4f82fe37ebf70401bbb74b8508fddcf4797f9fe59615b8c5813a",
                "sha256:8251ed96f38b47b4295b1ae51631de7ffa8260b5b087808ef09a39a9d66c97ab",
                "sha256:92bfa69cfbdf7dfc3040978ad09a48091143cffb778ec3b03fa170c494118d75",
                "sha256:97098b95aa4e418529099c26558eeb8486e66bd1e53a6b606d684d0c3616b168",
                "sha256:a3bae1a2ed00e90b3ba5f7bd0a7c7999b55d609e0c54ceb2b076a25e345fa9f4",
                "sha256:c34ea7e9d13a70bf2ab64a2532fe149a9aced424cd05a2c4ba662fd989e3e45f",
                "sha256:dbc7601a3b7472d559dc7b933b18b4b66f9aa7452c120e87dfb33d02008c8a18",
                "sha256:e7927a589df200c5e23c57970bafbd0cd322459aa7b1ff73b7c2e84d6e3eae62",
                "sha256:f8c1f39caad2c896bc0018f699882b345b2a63708008be29b1f355ebf6f933fe",
                "sha256:f950f8845b480cffe522913d35567e29dd381b0dc7e4ce6a4a9f9156417d2430",
                "sha256:fade0d4f4d292b6f39951b6836d7a3c7ef5b2347f3c420cd9820a1d90d794802",
                "sha256:fdf3c08bce27132395d3c3ba1503cac12e17282358cb4bddc25cc46b0aca07aa"
            ],
            "markers": "python_version >= '3.8'",
            "version": "==1.22.3"
        },
        "pandas": {
            "hashes": [
                "sha256:071e42b89b57baa17031af8c6b6bbd2e9a5c68c595bc6bf9adabd7a9ed125d3b",
                "sha256:17450e25ae69e2e6b303817bdf26b2cd57f69595d8550a77c308be0cd0fd58fa",
                "sha256:17916d818592c9ec891cbef2e90f98cc85e0f1e89ed0924c9b5220dc3209c846",
                "sha256:2538f099ab0e9f9c9d09bbcd94b47fd889bad06dc7ae96b1ed583f1dc1a7a822",
                "sha256:366f30710172cb45a6b4f43b66c220653b1ea50303fbbd94e50571637ffb9167",
                "sha256:42e5ad741a0d09232efbc7fc648226ed93306551772fc8aecc6dce9f0e676794",
                "sha256:4e718e7f395ba5bfe8b6f6aaf2ff1c65a09bb77a36af6394621434e7cc813204",
                "sha256:4f919f409c433577a501e023943e582c57355d50a724c589e78bc1d551a535a2",
                "sha256:4fe0d7e6438212e839fc5010c78b822664f1a824c0d263fd858f44131d9166e2",
                "sha256:5149a6db3e74f23dc3f5a216c2c9ae2e12920aa2d4a5b77e44e5b804a5f93248",
                "sha256:627594338d6dd995cfc0bacd8e654cd9e1252d2a7c959449228df6740d737eb8",
                "sha256:83c702615052f2a0a7fb1dd289726e29ec87a27272d775cb77affe749cca28f8",
                "sha256:8c872f7fdf3018b7891e1e3e86c55b190e6c5cee70cab771e8f246c855001296",
                "sha256:90f116086063934afd51e61a802a943826d2aac572b2f7d55caaac51c13db5b5",
                "sha256:a3352bacac12e1fc646213b998bce586f965c9d431773d9e91db27c7c48a1f7d",
                "sha256:bcdd06007cca02d51350f96debe51331dec429ac8f93930a43eb8fb5639e3eb5",
                "sha256:c1bd07ebc15285535f61ddd8c0c75d0d6293e80e1ee6d9a8d73f3f36954342d0",
                "sha256:c9a4b7c55115eb278c19aa14b34fcf5920c8fe7797a09b7b053ddd6195ea89b3",
                "sha256:cc8fc0c7a8d5951dc738f1c1447f71c43734244453616f32b8aa0ef6013a5dfb",
                "sha256:d7b460bc316064540ce0c41c1438c416a40746fd8a4fb2999668bf18f3c4acf1"
            ],
            "index": "pypi",
            "version": "==0.24.2"
        },
        "python-dateutil": {
            "hashes": [
                "sha256:0123cacc1627ae19ddf3c27a5de5bd67ee4586fbdd6440d9748f8abb483d3e86",
                "sha256:961d03dc3453ebbc59dbdea9e4e11c5651520a876d0f4db161e8674aae935da9"
            ],
            "markers": "python_version >= '2.7' and python_version not in '3.0, 3.1, 3.2, 3.3'",
            "version": "==2.8.2"
        },
        "pytz": {
            "hashes": [
                "sha256:1e760e2fe6a8163bc0b3d9a19c4f84342afa0a2affebfaa84b01b978a02ecaa7",
                "sha256:e68985985296d9a66a881eb3193b0906246245294a881e7c8afe623866ac6a5c"
            ],
            "version": "==2022.1"
        },
        "requests": {
            "hashes": [
                "sha256:11e007a8a2aa0323f5a921e9e6a2d7e4e67d9877e85773fba9ba6419025cbeb4",
                "sha256:9cf5292fcd0f598c671cfc1e0d7d1a7f13bb8085e9a590f48c010551dc6c4b31"
            ],
            "index": "pypi",
            "version": "==2.22.0"
        },
        "six": {
            "hashes": [
                "sha256:1e61c37477a1626458e36f7b1d82aa5c9b094fa4802892072e49de9c60c4c926",
                "sha256:8abb2f1d86890a2dfb989f9a77cfcfd3e47c2a354b01111771326f8aa26e0254"
            ],
            "markers": "python_version >= '2.7' and python_version not in '3.0, 3.1, 3.2, 3.3'",
            "version": "==1.16.0"
        },
        "urllib3": {
            "hashes": [
                "sha256:8d7eaa5a82a1cac232164990f04874c594c9453ec55eef02eab885aa02fc17a2",
                "sha256:f5321fbe4bf3fefa0efd0bfe7fb14e90909eb62a48ccda331726b4319897dd5e"
            ],
            "markers": "python_version >= '2.7' and python_version not in '3.0, 3.1, 3.2, 3.3, 3.4' and python_version < '4'",
            "version": "==1.25.11"
        }
    },
    "develop": {}
}
